// !$*UTF8*$!
{
	archiveVersion = 1;
	classes = {
	};
	objectVersion = 56;
	objects = {

/* Begin PBXBuildFile section */
		63067A1B293DC69400E767B2 /* AppDelegate.swift in Sources */ = {isa = PBXBuildFile; fileRef = 63067A1A293DC69400E767B2 /* AppDelegate.swift */; };
		63067A1D293DC69400E767B2 /* SceneDelegate.swift in Sources */ = {isa = PBXBuildFile; fileRef = 63067A1C293DC69400E767B2 /* SceneDelegate.swift */; };
		63067A1F293DC69400E767B2 /* ViewController.swift in Sources */ = {isa = PBXBuildFile; fileRef = 63067A1E293DC69400E767B2 /* ViewController.swift */; };
		63067A22293DC69400E767B2 /* Main.storyboard in Resources */ = {isa = PBXBuildFile; fileRef = 63067A20293DC69400E767B2 /* Main.storyboard */; };
		63067A24293DC69500E767B2 /* Assets.xcassets in Resources */ = {isa = PBXBuildFile; fileRef = 63067A23293DC69500E767B2 /* Assets.xcassets */; };
		63067A27293DC69500E767B2 /* LaunchScreen.storyboard in Resources */ = {isa = PBXBuildFile; fileRef = 63067A25293DC69500E767B2 /* LaunchScreen.storyboard */; };
		63067A2F293DDFDC00E767B2 /* LockBoxView.swift in Sources */ = {isa = PBXBuildFile; fileRef = 63067A2E293DDFDC00E767B2 /* LockBoxView.swift */; };
		63067A33293DE2B800E767B2 /* Lock.swift in Sources */ = {isa = PBXBuildFile; fileRef = 63067A32293DE2B800E767B2 /* Lock.swift */; };
		63067A35293EE26E00E767B2 /* LockPoint.swift in Sources */ = {isa = PBXBuildFile; fileRef = 63067A34293EE26E00E767B2 /* LockPoint.swift */; };
/* End PBXBuildFile section */

/* Begin PBXFileReference section */
		63067A17293DC69400E767B2 /* TestLockPassword.app */ = {isa = PBXFileReference; explicitFileType = wrapper.application; includeInIndex = 0; path = TestLockPassword.app; sourceTree = BUILT_PRODUCTS_DIR; };
		63067A1A293DC69400E767B2 /* AppDelegate.swift */ = {isa = PBXFileReference; lastKnownFileType = sourcecode.swift; path = AppDelegate.swift; sourceTree = "<group>"; };
		63067A1C293DC69400E767B2 /* SceneDelegate.swift */ = {isa = PBXFileReference; lastKnownFileType = sourcecode.swift; path = SceneDelegate.swift; sourceTree = "<group>"; };
		63067A1E293DC69400E767B2 /* ViewController.swift */ = {isa = PBXFileReference; lastKnownFileType = sourcecode.swift; path = ViewController.swift; sourceTree = "<group>"; };
		63067A21293DC69400E767B2 /* Base */ = {isa = PBXFileReference; lastKnownFileType = file.storyboard; name = Base; path = Base.lproj/Main.storyboard; sourceTree = "<group>"; };
		63067A23293DC69500E767B2 /* Assets.xcassets */ = {isa = PBXFileReference; lastKnownFileType = folder.assetcatalog; path = Assets.xcassets; sourceTree = "<group>"; };
		63067A26293DC69500E767B2 /* Base */ = {isa = PBXFileReference; lastKnownFileType = file.storyboard; name = Base; path = Base.lproj/LaunchScreen.storyboard; sourceTree = "<group>"; };
		63067A28293DC69500E767B2 /* Info.plist */ = {isa = PBXFileReference; lastKnownFileType = text.plist.xml; path = Info.plist; sourceTree = "<group>"; };
		63067A2E293DDFDC00E767B2 /* LockBoxView.swift */ = {isa = PBXFileReference; lastKnownFileType = sourcecode.swift; path = LockBoxView.swift; sourceTree = "<group>"; };
		63067A32293DE2B800E767B2 /* Lock.swift */ = {isa = PBXFileReference; lastKnownFileType = sourcecode.swift; path = Lock.swift; sourceTree = "<group>"; };
		63067A34293EE26E00E767B2 /* LockPoint.swift */ = {isa = PBXFileReference; lastKnownFileType = sourcecode.swift; path = LockPoint.swift; sourceTree = "<group>"; };
/* End PBXFileReference section */

/* Begin PBXFrameworksBuildPhase section */
		63067A14293DC69400E767B2 /* Frameworks */ = {
			isa = PBXFrameworksBuildPhase;
			buildActionMask = 2147483647;
			files = (
			);
			runOnlyForDeploymentPostprocessing = 0;
		};
/* End PBXFrameworksBuildPhase section */

/* Begin PBXGroup section */
		63067A0E293DC69400E767B2 = {
			isa = PBXGroup;
			children = (
				63067A19293DC69400E767B2 /* TestLockPassword */,
				63067A18293DC69400E767B2 /* Products */,
			);
			sourceTree = "<group>";
		};
		63067A18293DC69400E767B2 /* Products */ = {
			isa = PBXGroup;
			children = (
				63067A17293DC69400E767B2 /* TestLockPassword.app */,
			);
			name = Products;
			sourceTree = "<group>";
		};
		63067A19293DC69400E767B2 /* TestLockPassword */ = {
			isa = PBXGroup;
			children = (
				63067A1A293DC69400E767B2 /* AppDelegate.swift */,
				63067A1C293DC69400E767B2 /* SceneDelegate.swift */,
				63067A1E293DC69400E767B2 /* ViewController.swift */,
				63067A2E293DDFDC00E767B2 /* LockBoxView.swift */,
				63067A34293EE26E00E767B2 /* LockPoint.swift */,
				63067A32293DE2B800E767B2 /* Lock.swift */,
				63067A20293DC69400E767B2 /* Main.storyboard */,
				63067A23293DC69500E767B2 /* Assets.xcassets */,
				63067A25293DC69500E767B2 /* LaunchScreen.storyboard */,
				63067A28293DC69500E767B2 /* Info.plist */,
			);
			path = TestLockPassword;
			sourceTree = "<group>";
		};
/* End PBXGroup section */

/* Begin PBXNativeTarget section */
		63067A16293DC69400E767B2 /* TestLockPassword */ = {
			isa = PBXNativeTarget;
			buildConfigurationList = 63067A2B293DC69500E767B2 /* Build configuration list for PBXNativeTarget "TestLockPassword" */;
			buildPhases = (
				63067A13293DC69400E767B2 /* Sources */,
				63067A14293DC69400E767B2 /* Frameworks */,
				63067A15293DC69400E767B2 /* Resources */,
			);
			buildRules = (
			);
			dependencies = (
			);
			name = TestLockPassword;
			productName = TestLockPassword;
			productReference = 63067A17293DC69400E767B2 /* TestLockPassword.app */;
			productType = "com.apple.product-type.application";
		};
/* End PBXNativeTarget section */

/* Begin PBXProject section */
		63067A0F293DC69400E767B2 /* Project object */ = {
			isa = PBXProject;
			attributes = {
				BuildIndependentTargetsInParallel = 1;
				LastSwiftUpdateCheck = 1400;
				LastUpgradeCheck = 1400;
				TargetAttributes = {
					63067A16293DC69400E767B2 = {
						CreatedOnToolsVersion = 14.0.1;
					};
				};
			};
			buildConfigurationList = 63067A12293DC69400E767B2 /* Build configuration list for PBXProject "TestLockPassword" */;
			compatibilityVersion = "Xcode 14.0";
			developmentRegion = en;
			hasScannedForEncodings = 0;
			knownRegions = (
				en,
				Base,
			);
			mainGroup = 63067A0E293DC69400E767B2;
			productRefGroup = 63067A18293DC69400E767B2 /* Products */;
			projectDirPath = "";
			projectRoot = "";
			targets = (
				63067A16293DC69400E767B2 /* TestLockPassword */,
			);
		};
/* End PBXProject section */

/* Begin PBXResourcesBuildPhase section */
		63067A15293DC69400E767B2 /* Resources */ = {
			isa = PBXResourcesBuildPhase;
			buildActionMask = 2147483647;
			files = (
				63067A27293DC69500E767B2 /* LaunchScreen.storyboard in Resources */,
				63067A24293DC69500E767B2 /* Assets.xcassets in Resources */,
				63067A22293DC69400E767B2 /* Main.storyboard in Resources */,
			);
			runOnlyForDeploymentPostprocessing = 0;
		};
/* End PBXResourcesBuildPhase section */

/* Begin PBXSourcesBuildPhase section */
		63067A13293DC69400E767B2 /* Sources */ = {
			isa = PBXSourcesBuildPhase;
			buildActionMask = 2147483647;
			files = (
				63067A1F293DC69400E767B2 /* ViewController.swift in Sources */,
				63067A35293EE26E00E767B2 /* LockPoint.swift in Sources */,
				63067A2F293DDFDC00E767B2 /* LockBoxView.swift in Sources */,
				63067A1B293DC69400E767B2 /* AppDelegate.swift in Sources */,
				63067A33293DE2B800E767B2 /* Lock.swift in Sources */,
				63067A1D293DC69400E767B2 /* SceneDelegate.swift in Sources */,
			);
			runOnlyForDeploymentPostprocessing = 0;
		};
/* End PBXSourcesBuildPhase section */

/* Begin PBXVariantGroup section */
		63067A20293DC69400E767B2 /* Main.storyboard */ = {
			isa = PBXVariantGroup;
			children = (
				63067A21293DC69400E767B2 /* Base */,
			);
			name = Main.storyboard;
			sourceTree = "<group>";
		};
		63067A25293DC69500E767B2 /* LaunchScreen.storyboard */ = {
			isa = PBXVariantGroup;
			children = (
				63067A26293DC69500E767B2 /* Base */,
			);
			name = LaunchScreen.storyboard;
			sourceTree = "<group>";
		};
/* End PBXVariantGroup section */

/* Begin XCBuildConfiguration section */
		63067A29293DC69500E767B2 /* Debug */ = {
			isa = XCBuildConfiguration;
			buildSettings = {
				ALWAYS_SEARCH_USER_PATHS = NO;
				CLANG_ANALYZER_NONNULL = YES;
				CLANG_ANALYZER_NUMBER_OBJECT_CONVERSION = YES_AGGRESSIVE;
				CLANG_CXX_LANGUAGE_STANDARD = "gnu++20";
				CLANG_ENABLE_MODULES = YES;
				CLANG_ENABLE_OBJC_ARC = YES;
				CLANG_ENABLE_OBJC_WEAK = YES;
				CLANG_WARN_BLOCK_CAPTURE_AUTORELEASING = YES;
				CLANG_WARN_BOOL_CONVERSION = YES;
				CLANG_WARN_COMMA = YES;
				CLANG_WARN_CONSTANT_CONVERSION = YES;
				CLANG_WARN_DEPRECATED_OBJC_IMPLEMENTATIONS = YES;
				CLANG_WARN_DIRECT_OBJC_ISA_USAGE = YES_ERROR;
				CLANG_WARN_DOCUMENTATION_COMMENTS = YES;
				CLANG_WARN_EMPTY_BODY = YES;
				CLANG_WARN_ENUM_CONVERSION = YES;
				CLANG_WARN_INFINITE_RECURSION = YES;
				CLANG_WARN_INT_CONVERSION = YES;
				CLANG_WARN_NON_LITERAL_NULL_CONVERSION = YES;
				CLANG_WARN_OBJC_IMPLICIT_RETAIN_SELF = YES;
				CLANG_WARN_OBJC_LITERAL_CONVERSION = YES;
				CLANG_WARN_OBJC_ROOT_CLASS = YES_ERROR;
				CLANG_WARN_QUOTED_INCLUDE_IN_FRAMEWORK_HEADER = YES;
				CLANG_WARN_RANGE_LOOP_ANALYSIS = YES;
				CLANG_WARN_STRICT_PROTOTYPES = YES;
				CLANG_WARN_SUSPICIOUS_MOVE = YES;
				CLANG_WARN_UNGUARDED_AVAILABILITY = YES_AGGRESSIVE;
				CLANG_WARN_UNREACHABLE_CODE = YES;
				CLANG_WARN__DUPLICATE_METHOD_MATCH = YES;
				COPY_PHASE_STRIP = NO;
				DEBUG_INFORMATION_FORMAT = dwarf;
				ENABLE_STRICT_OBJC_MSGSEND = YES;
				ENABLE_TESTABILITY = YES;
				GCC_C_LANGUAGE_STANDARD = gnu11;
				GCC_DYNAMIC_NO_PIC = NO;
				GCC_NO_COMMON_BLOCKS = YES;
				GCC_OPTIMIZATION_LEVEL = 0;
				GCC_PREPROCESSOR_DEFINITIONS = (
					"DEBUG=1",
					"$(inherited)",
				);
				GCC_WARN_64_TO_32_BIT_CONVERSION = YES;
				GCC_WARN_ABOUT_RETURN_TYPE = YES_ERROR;
				GCC_WARN_UNDECLARED_SELECTOR = YES;
				GCC_WARN_UNINITIALIZED_AUTOS = YES_AGGRESSIVE;
				GCC_WARN_UNUSED_FUNCTION = YES;
				GCC_WARN_UNUSED_VARIABLE = YES;
				IPHONEOS_DEPLOYMENT_TARGET = 16.0;
				MTL_ENABLE_DEBUG_INFO = INCLUDE_SOURCE;
				MTL_FAST_MATH = YES;
				ONLY_ACTIVE_ARCH = YES;
				SDKROOT = iphoneos;
				SWIFT_ACTIVE_COMPILATION_CONDITIONS = DEBUG;
				SWIFT_OPTIMIZATION_LEVEL = "-Onone";
			};
			name = Debug;
		};
		63067A2A293DC69500E767B2 /* Release */ = {
			isa = XCBuildConfiguration;
			buildSettings = {
				ALWAYS_SEARCH_USER_PATHS = NO;
				CLANG_ANALYZER_NONNULL = YES;
				CLANG_ANALYZER_NUMBER_OBJECT_CONVERSION = YES_AGGRESSIVE;
				CLANG_CXX_LANGUAGE_STANDARD = "gnu++20";
				CLANG_ENABLE_MODULES = YES;
				CLANG_ENABLE_OBJC_ARC = YES;
				CLANG_ENABLE_OBJC_WEAK = YES;
				CLANG_WARN_BLOCK_CAPTURE_AUTORELEASING = YES;
				CLANG_WARN_BOOL_CONVERSION = YES;
				CLANG_WARN_COMMA = YES;
				CLANG_WARN_CONSTANT_CONVERSION = YES;
				CLANG_WARN_DEPRECATED_OBJC_IMPLEMENTATIONS = YES;
				CLANG_WARN_DIRECT_OBJC_ISA_USAGE = YES_ERROR;
				CLANG_WARN_DOCUMENTATION_COMMENTS = YES;
				CLANG_WARN_EMPTY_BODY = YES;
				CLANG_WARN_ENUM_CONVERSION = YES;
				CLANG_WARN_INFINITE_RECURSION = YES;
				CLANG_WARN_INT_CONVERSION = YES;
				CLANG_WARN_NON_LITERAL_NULL_CONVERSION = YES;
				CLANG_WARN_OBJC_IMPLICIT_RETAIN_SELF = YES;
				CLANG_WARN_OBJC_LITERAL_CONVERSION = YES;
				CLANG_WARN_OBJC_ROOT_CLASS = YES_ERROR;
				CLANG_WARN_QUOTED_INCLUDE_IN_FRAMEWORK_HEADER = YES;
				CLANG_WARN_RANGE_LOOP_ANALYSIS = YES;
				CLANG_WARN_STRICT_PROTOTYPES = YES;
				CLANG_WARN_SUSPICIOUS_MOVE = YES;
				CLANG_WARN_UNGUARDED_AVAILABILITY = YES_AGGRESSIVE;
				CLANG_WARN_UNREACHABLE_CODE = YES;
				CLANG_WARN__DUPLICATE_METHOD_MATCH = YES;
				COPY_PHASE_STRIP = NO;
				DEBUG_INFORMATION_FORMAT = "dwarf-with-dsym";
				ENABLE_NS_ASSERTIONS = NO;
				ENABLE_STRICT_OBJC_MSGSEND = YES;
				GCC_C_LANGUAGE_STANDARD = gnu11;
				GCC_NO_COMMON_BLOCKS = YES;
				GCC_WARN_64_TO_32_BIT_CONVERSION = YES;
				GCC_WARN_ABOUT_RETURN_TYPE = YES_ERROR;
				GCC_WARN_UNDECLARED_SELECTOR = YES;
				GCC_WARN_UNINITIALIZED_AUTOS = YES_AGGRESSIVE;
				GCC_WARN_UNUSED_FUNCTION = YES;
				GCC_WARN_UNUSED_VARIABLE = YES;
				IPHONEOS_DEPLOYMENT_TARGET = 16.0;
				MTL_ENABLE_DEBUG_INFO = NO;
				MTL_FAST_MATH = YES;
				SDKROOT = iphoneos;
				SWIFT_COMPILATION_MODE = wholemodule;
				SWIFT_OPTIMIZATION_LEVEL = "-O";
				VALIDATE_PRODUCT = YES;
			};
			name = Release;
		};
		63067A2C293DC69500E767B2 /* Debug */ = {
			isa = XCBuildConfiguration;
			buildSettings = {
				ASSETCATALOG_COMPILER_APPICON_NAME = AppIcon;
				ASSETCATALOG_COMPILER_GLOBAL_ACCENT_COLOR_NAME = AccentColor;
				CODE_SIGN_STYLE = Automatic;
				CURRENT_PROJECT_VERSION = 1;
				GENERATE_INFOPLIST_FILE = YES;
				INFOPLIST_FILE = TestLockPassword/Info.plist;
				INFOPLIST_KEY_UIApplicationSupportsIndirectInputEvents = YES;
				INFOPLIST_KEY_UILaunchStoryboardName = LaunchScreen;
				INFOPLIST_KEY_UIMainStoryboardFile = Main;
				INFOPLIST_KEY_UISupportedInterfaceOrientations_iPad = "UIInterfaceOrientationPortrait UIInterfaceOrientationPortraitUpsideDown UIInterfaceOrientationLandscapeLeft UIInterfaceOrientationLandscapeRight";
				INFOPLIST_KEY_UISupportedInterfaceOrientations_iPhone = "UIInterfaceOrientationPortrait UIInterfaceOrientationLandscapeLeft UIInterfaceOrientationLandscapeRight";
				LD_RUNPATH_SEARCH_PATHS = (
					"$(inherited)",
					"@executable_path/Frameworks",
				);
				MARKETING_VERSION = 1.0;
				PRODUCT_BUNDLE_IDENTIFIER = com.nio.test.TestLockPassword;
				PRODUCT_NAME = "$(TARGET_NAME)";
				SWIFT_EMIT_LOC_STRINGS = YES;
				SWIFT_VERSION = 5.0;
				TARGETED_DEVICE_FAMILY = "1,2";
			};
			name = Debug;
		};
		63067A2D293DC69500E767B2 /* Release */ = {
			isa = XCBuildConfiguration;
			buildSettings = {
				ASSETCATALOG_COMPILER_APPICON_NAME = AppIcon;
				ASSETCATALOG_COMPILER_GLOBAL_ACCENT_COLOR_NAME = AccentColor;
				CODE_SIGN_STYLE = Automatic;
				CURRENT_PROJECT_VERSION = 1;
				GENERATE_INFOPLIST_FILE = YES;
				INFOPLIST_FILE = TestLockPassword/Info.plist;
				INFOPLIST_KEY_UIApplicationSupportsIndirectInputEvents = YES;
				INFOPLIST_KEY_UILaunchStoryboardName = LaunchScreen;
				INFOPLIST_KEY_UIMainStoryboardFile = Main;
				INFOPLIST_KEY_UISupportedInterfaceOrientations_iPad = "UIInterfaceOrientationPortrait UIInterfaceOrientationPortraitUpsideDown UIInterfaceOrientationLandscapeLeft UIInterfaceOrientationLandscapeRight";
				INFOPLIST_KEY_UISupportedInterfaceOrientations_iPhone = "UIInterfaceOrientationPortrait UIInterfaceOrientationLandscapeLeft UIInterfaceOrientationLandscapeRight";
				LD_RUNPATH_SEARCH_PATHS = (
					"$(inherited)",
					"@executable_path/Frameworks",
				);
				MARKETING_VERSION = 1.0;
				PRODUCT_BUNDLE_IDENTIFIER = com.nio.test.TestLockPassword;
				PRODUCT_NAME = "$(TARGET_NAME)";
				SWIFT_EMIT_LOC_STRINGS = YES;
				SWIFT_VERSION = 5.0;
				TARGETED_DEVICE_FAMILY = "1,2";
			};
			name = Release;
		};
/* End XCBuildConfiguration section */

/* Begin XCConfigurationList section */
		63067A12293DC69400E767B2 /* Build configuration list for PBXProject "TestLockPassword" */ = {
			isa = XCConfigurationList;
			buildConfigurations = (
				63067A29293DC69500E767B2 /* Debug */,
				63067A2A293DC69500E767B2 /* Release */,
			);
			defaultConfigurationIsVisible = 0;
			defaultConfigurationName = Release;
		};
		63067A2B293DC69500E767B2 /* Build configuration list for PBXNativeTarget "TestLockPassword" */ = {
			isa = XCConfigurationList;
			buildConfigurations = (
				63067A2C293DC69500E767B2 /* Debug */,
				63067A2D293DC69500E767B2 /* Release */,
			);
			defaultConfigurationIsVisible = 0;
			defaultConfigurationName = Release;
		};
/* End XCConfigurationList section */
	};
	rootObject = 63067A0F293DC69400E767B2 /* Project object */;
}
